// !$*UTF8*$!
{
	archiveVersion = 1;
	classes = {
	};
	objectVersion = 46;
	objects = {

/* Begin PBXBuildFile section */
		0593233D1BCA1CCB0026C4F9 /* AppDelegate.swift in Sources */ = {isa = PBXBuildFile; fileRef = 0593233C1BCA1CCB0026C4F9 /* AppDelegate.swift */; };
		0593233F1BCA1CCB0026C4F9 /* ViewController.swift in Sources */ = {isa = PBXBuildFile; fileRef = 0593233E1BCA1CCB0026C4F9 /* ViewController.swift */; };
		059323421BCA1CCB0026C4F9 /* Main.storyboard in Resources */ = {isa = PBXBuildFile; fileRef = 059323401BCA1CCB0026C4F9 /* Main.storyboard */; };
		059323441BCA1CCB0026C4F9 /* Assets.xcassets in Resources */ = {isa = PBXBuildFile; fileRef = 059323431BCA1CCB0026C4F9 /* Assets.xcassets */; };
		059323471BCA1CCB0026C4F9 /* LaunchScreen.storyboard in Resources */ = {isa = PBXBuildFile; fileRef = 059323451BCA1CCB0026C4F9 /* LaunchScreen.storyboard */; };
		0593234F1BCA1D170026C4F9 /* pharmacy.jpg in Resources */ = {isa = PBXBuildFile; fileRef = 0593234E1BCA1D170026C4F9 /* pharmacy.jpg */; settings = {ASSET_TAGS = (); }; };
		059323521BCA1EDD0026C4F9 /* ForceZoomWidget.swift in Sources */ = {isa = PBXBuildFile; fileRef = 059323511BCA1EDD0026C4F9 /* ForceZoomWidget.swift */; settings = {ASSET_TAGS = (); }; };
		059323541BCA26720026C4F9 /* petronas.jpg in Resources */ = {isa = PBXBuildFile; fileRef = 059323531BCA26720026C4F9 /* petronas.jpg */; settings = {ASSET_TAGS = (); }; };
		059323571BCA2B170026C4F9 /* forest.jpg in Resources */ = {isa = PBXBuildFile; fileRef = 059323561BCA2B170026C4F9 /* forest.jpg */; settings = {ASSET_TAGS = (); }; };
		059323591BCA2CEA0026C4F9 /* ForceZoomPreview.swift in Sources */ = {isa = PBXBuildFile; fileRef = 059323581BCA2CEA0026C4F9 /* ForceZoomPreview.swift */; settings = {ASSET_TAGS = (); }; };
		0593235B1BCAAB080026C4F9 /* forceZoom.gif in Resources */ = {isa = PBXBuildFile; fileRef = 0593235A1BCAAB080026C4F9 /* forceZoom.gif */; settings = {ASSET_TAGS = (); }; };
/* End PBXBuildFile section */

/* Begin PBXFileReference section */
		059323391BCA1CCA0026C4F9 /* ForceZoom.app */ = {isa = PBXFileReference; explicitFileType = wrapper.application; includeInIndex = 0; path = ForceZoom.app; sourceTree = BUILT_PRODUCTS_DIR; };
		0593233C1BCA1CCB0026C4F9 /* AppDelegate.swift */ = {isa = PBXFileReference; lastKnownFileType = sourcecode.swift; path = AppDelegate.swift; sourceTree = "<group>"; };
		0593233E1BCA1CCB0026C4F9 /* ViewController.swift */ = {isa = PBXFileReference; lastKnownFileType = sourcecode.swift; path = ViewController.swift; sourceTree = "<group>"; };
		059323411BCA1CCB0026C4F9 /* Base */ = {isa = PBXFileReference; lastKnownFileType = file.storyboard; name = Base; path = Base.lproj/Main.storyboard; sourceTree = "<group>"; };
		059323431BCA1CCB0026C4F9 /* Assets.xcassets */ = {isa = PBXFileReference; lastKnownFileType = folder.assetcatalog; path = Assets.xcassets; sourceTree = "<group>"; };
		059323461BCA1CCB0026C4F9 /* Base */ = {isa = PBXFileReference; lastKnownFileType = file.storyboard; name = Base; path = Base.lproj/LaunchScreen.storyboard; sourceTree = "<group>"; };
		059323481BCA1CCB0026C4F9 /* Info.plist */ = {isa = PBXFileReference; lastKnownFileType = text.plist.xml; path = Info.plist; sourceTree = "<group>"; };
		0593234E1BCA1D170026C4F9 /* pharmacy.jpg */ = {isa = PBXFileReference; lastKnownFileType = image.jpeg; name = pharmacy.jpg; path = assets/pharmacy.jpg; sourceTree = "<group>"; };
		059323511BCA1EDD0026C4F9 /* ForceZoomWidget.swift */ = {isa = PBXFileReference; fileEncoding = 4; lastKnownFileType = sourcecode.swift; name = ForceZoomWidget.swift; path = forceZoom/ForceZoomWidget.swift; sourceTree = "<group>"; };
		059323531BCA26720026C4F9 /* petronas.jpg */ = {isa = PBXFileReference; lastKnownFileType = image.jpeg; name = petronas.jpg; path = assets/petronas.jpg; sourceTree = "<group>"; };
		059323561BCA2B170026C4F9 /* forest.jpg */ = {isa = PBXFileReference; lastKnownFileType = image.jpeg; name = forest.jpg; path = assets/forest.jpg; sourceTree = "<group>"; };
		059323581BCA2CEA0026C4F9 /* ForceZoomPreview.swift */ = {isa = PBXFileReference; fileEncoding = 4; lastKnownFileType = sourcecode.swift; name = ForceZoomPreview.swift; path = forceZoom/ForceZoomPreview.swift; sourceTree = "<group>"; };
		0593235A1BCAAB080026C4F9 /* forceZoom.gif */ = {isa = PBXFileReference; lastKnownFileType = image.gif; path = forceZoom.gif; sourceTree = "<group>"; };
/* End PBXFileReference section */

/* Begin PBXFrameworksBuildPhase section */
		059323361BCA1CCA0026C4F9 /* Frameworks */ = {
			isa = PBXFrameworksBuildPhase;
			buildActionMask = 2147483647;
			files = (
			);
			runOnlyForDeploymentPostprocessing = 0;
		};
/* End PBXFrameworksBuildPhase section */

/* Begin PBXGroup section */
		059323301BCA1CCA0026C4F9 = {
			isa = PBXGroup;
			children = (
				0593233B1BCA1CCB0026C4F9 /* ForceZoom */,
				0593233A1BCA1CCA0026C4F9 /* Products */,
			);
			sourceTree = "<group>";
		};
		0593233A1BCA1CCA0026C4F9 /* Products */ = {
			isa = PBXGroup;
			children = (
				059323391BCA1CCA0026C4F9 /* ForceZoom.app */,
			);
			name = Products;
			sourceTree = "<group>";
		};
		0593233B1BCA1CCB0026C4F9 /* ForceZoom */ = {
			isa = PBXGroup;
			children = (
				059323551BCA26760026C4F9 /* assets */,
				059323501BCA1EB00026C4F9 /* forceZoom */,
				0593233C1BCA1CCB0026C4F9 /* AppDelegate.swift */,
				0593233E1BCA1CCB0026C4F9 /* ViewController.swift */,
				059323401BCA1CCB0026C4F9 /* Main.storyboard */,
				059323431BCA1CCB0026C4F9 /* Assets.xcassets */,
				059323451BCA1CCB0026C4F9 /* LaunchScreen.storyboard */,
				059323481BCA1CCB0026C4F9 /* Info.plist */,
			);
			path = ForceZoom;
			sourceTree = "<group>";
		};
		059323501BCA1EB00026C4F9 /* forceZoom */ = {
			isa = PBXGroup;
			children = (
				059323511BCA1EDD0026C4F9 /* ForceZoomWidget.swift */,
				059323581BCA2CEA0026C4F9 /* ForceZoomPreview.swift */,
			);
			name = forceZoom;
			sourceTree = "<group>";
		};
		059323551BCA26760026C4F9 /* assets */ = {
			isa = PBXGroup;
			children = (
				0593235A1BCAAB080026C4F9 /* forceZoom.gif */,
				059323561BCA2B170026C4F9 /* forest.jpg */,
				0593234E1BCA1D170026C4F9 /* pharmacy.jpg */,
				059323531BCA26720026C4F9 /* petronas.jpg */,
			);
			name = assets;
			sourceTree = "<group>";
		};
/* End PBXGroup section */

/* Begin PBXNativeTarget section */
		059323381BCA1CCA0026C4F9 /* ForceZoom */ = {
			isa = PBXNativeTarget;
			buildConfigurationList = 0593234B1BCA1CCB0026C4F9 /* Build configuration list for PBXNativeTarget "ForceZoom" */;
			buildPhases = (
				059323351BCA1CCA0026C4F9 /* Sources */,
				059323361BCA1CCA0026C4F9 /* Frameworks */,
				059323371BCA1CCA0026C4F9 /* Resources */,
			);
			buildRules = (
			);
			dependencies = (
			);
			name = ForceZoom;
			productName = ForceZoom;
			productReference = 059323391BCA1CCA0026C4F9 /* ForceZoom.app */;
			productType = "com.apple.product-type.application";
		};
/* End PBXNativeTarget section */

/* Begin PBXProject section */
		059323311BCA1CCA0026C4F9 /* Project object */ = {
			isa = PBXProject;
			attributes = {
				LastUpgradeCheck = 0700;
				ORGANIZATIONNAME = "Simon Gladman";
				TargetAttributes = {
					059323381BCA1CCA0026C4F9 = {
						CreatedOnToolsVersion = 7.0;
					};
				};
			};
			buildConfigurationList = 059323341BCA1CCA0026C4F9 /* Build configuration list for PBXProject "ForceZoom" */;
			compatibilityVersion = "Xcode 3.2";
			developmentRegion = English;
			hasScannedForEncodings = 0;
			knownRegions = (
				en,
				Base,
			);
			mainGroup = 059323301BCA1CCA0026C4F9;
			productRefGroup = 0593233A1BCA1CCA0026C4F9 /* Products */;
			projectDirPath = "";
			projectRoot = "";
			targets = (
				059323381BCA1CCA0026C4F9 /* ForceZoom */,
			);
		};
/* End PBXProject section */

/* Begin PBXResourcesBuildPhase section */
		059323371BCA1CCA0026C4F9 /* Resources */ = {
			isa = PBXResourcesBuildPhase;
			buildActionMask = 2147483647;
			files = (
				059323571BCA2B170026C4F9 /* forest.jpg in Resources */,
				059323471BCA1CCB0026C4F9 /* LaunchScreen.storyboard in Resources */,
				059323441BCA1CCB0026C4F9 /* Assets.xcassets in Resources */,
				0593235B1BCAAB080026C4F9 /* forceZoom.gif in Resources */,
				059323541BCA26720026C4F9 /* petronas.jpg in Resources */,
				0593234F1BCA1D170026C4F9 /* pharmacy.jpg in Resources */,
				059323421BCA1CCB0026C4F9 /* Main.storyboard in Resources */,
			);
			runOnlyForDeploymentPostprocessing = 0;
		};
/* End PBXResourcesBuildPhase section */

/* Begin PBXSourcesBuildPhase section */
		059323351BCA1CCA0026C4F9 /* Sources */ = {
			isa = PBXSourcesBuildPhase;
			buildActionMask = 2147483647;
			files = (
				0593233F1BCA1CCB0026C4F9 /* ViewController.swift in Sources */,
				059323521BCA1EDD0026C4F9 /* ForceZoomWidget.swift in Sources */,
				0593233D1BCA1CCB0026C4F9 /* AppDelegate.swift in Sources */,
				059323591BCA2CEA0026C4F9 /* ForceZoomPreview.swift in Sources */,
			);
			runOnlyForDeploymentPostprocessing = 0;
		};
/* End PBXSourcesBuildPhase section */

/* Begin PBXVariantGroup section */
		059323401BCA1CCB0026C4F9 /* Main.storyboard */ = {
			isa = PBXVariantGroup;
			children = (
				059323411BCA1CCB0026C4F9 /* Base */,
			);
			name = Main.storyboard;
			sourceTree = "<group>";
		};
		059323451BCA1CCB0026C4F9 /* LaunchScreen.storyboard */ = {
			isa = PBXVariantGroup;
			children = (
				059323461BCA1CCB0026C4F9 /* Base */,
			);
			name = LaunchScreen.storyboard;
			sourceTree = "<group>";
		};
/* End PBXVariantGroup section */

/* Begin XCBuildConfiguration section */
		059323491BCA1CCB0026C4F9 /* Debug */ = {
			isa = XCBuildConfiguration;
			buildSettings = {
				ALWAYS_SEARCH_USER_PATHS = NO;
				CLANG_CXX_LANGUAGE_STANDARD = "gnu++0x";
				CLANG_CXX_LIBRARY = "libc++";
				CLANG_ENABLE_MODULES = YES;
				CLANG_ENABLE_OBJC_ARC = YES;
				CLANG_WARN_BOOL_CONVERSION = YES;
				CLANG_WARN_CONSTANT_CONVERSION = YES;
				CLANG_WARN_DIRECT_OBJC_ISA_USAGE = YES_ERROR;
				CLANG_WARN_EMPTY_BODY = YES;
				CLANG_WARN_ENUM_CONVERSION = YES;
				CLANG_WARN_INT_CONVERSION = YES;
				CLANG_WARN_OBJC_ROOT_CLASS = YES_ERROR;
				CLANG_WARN_UNREACHABLE_CODE = YES;
				CLANG_WARN__DUPLICATE_METHOD_MATCH = YES;
				"CODE_SIGN_IDENTITY[sdk=iphoneos*]" = "iPhone Developer";
				COPY_PHASE_STRIP = NO;
				DEBUG_INFORMATION_FORMAT = dwarf;
				ENABLE_STRICT_OBJC_MSGSEND = YES;
				ENABLE_TESTABILITY = YES;
				GCC_C_LANGUAGE_STANDARD = gnu99;
				GCC_DYNAMIC_NO_PIC = NO;
				GCC_NO_COMMON_BLOCKS = YES;
				GCC_OPTIMIZATION_LEVEL = 0;
				GCC_PREPROCESSOR_DEFINITIONS = (
					"DEBUG=1",
					"$(inherited)",
				);
				GCC_WARN_64_TO_32_BIT_CONVERSION = YES;
				GCC_WARN_ABOUT_RETURN_TYPE = YES_ERROR;
				GCC_WARN_UNDECLARED_SELECTOR = YES;
				GCC_WARN_UNINITIALIZED_AUTOS = YES_AGGRESSIVE;
				GCC_WARN_UNUSED_FUNCTION = YES;
				GCC_WARN_UNUSED_VARIABLE = YES;
				IPHONEOS_DEPLOYMENT_TARGET = 9.0;
				MTL_ENABLE_DEBUG_INFO = YES;
				ONLY_ACTIVE_ARCH = YES;
				SDKROOT = iphoneos;
				SWIFT_OPTIMIZATION_LEVEL = "-Onone";
				TARGETED_DEVICE_FAMILY = "1,2";
			};
			name = Debug;
		};
		0593234A1BCA1CCB0026C4F9 /* Release */ = {
			isa = XCBuildConfiguration;
			buildSettings = {
				ALWAYS_SEARCH_USER_PATHS = NO;
				CLANG_CXX_LANGUAGE_STANDARD = "gnu++0x";
				CLANG_CXX_LIBRARY = "libc++";
				CLANG_ENABLE_MODULES = YES;
				CLANG_ENABLE_OBJC_ARC = YES;
				CLANG_WARN_BOOL_CONVERSION = YES;
				CLANG_WARN_CONSTANT_CONVERSION = YES;
				CLANG_WARN_DIRECT_OBJC_ISA_USAGE = YES_ERROR;
				CLANG_WARN_EMPTY_BODY = YES;
				CLANG_WARN_ENUM_CONVERSION = YES;
				CLANG_WARN_INT_CONVERSION = YES;
				CLANG_WARN_OBJC_ROOT_CLASS = YES_ERROR;
				CLANG_WARN_UNREACHABLE_CODE = YES;
				CLANG_WARN__DUPLICATE_METHOD_MATCH = YES;
				"CODE_SIGN_IDENTITY[sdk=iphoneos*]" = "iPhone Developer";
				COPY_PHASE_STRIP = NO;
				DEBUG_INFORMATION_FORMAT = "dwarf-with-dsym";
				ENABLE_NS_ASSERTIONS = NO;
				ENABLE_STRICT_OBJC_MSGSEND = YES;
				GCC_C_LANGUAGE_STANDARD = gnu99;
				GCC_NO_COMMON_BLOCKS = YES;
				GCC_WARN_64_TO_32_BIT_CONVERSION = YES;
				GCC_WARN_ABOUT_RETURN_TYPE = YES_ERROR;
				GCC_WARN_UNDECLARED_SELECTOR = YES;
				GCC_WARN_UNINITIALIZED_AUTOS = YES_AGGRESSIVE;
				GCC_WARN_UNUSED_FUNCTION = YES;
				GCC_WARN_UNUSED_VARIABLE = YES;
				IPHONEOS_DEPLOYMENT_TARGET = 9.0;
				MTL_ENABLE_DEBUG_INFO = NO;
				SDKROOT = iphoneos;
				TARGETED_DEVICE_FAMILY = "1,2";
				VALIDATE_PRODUCT = YES;
			};
			name = Release;
		};
		0593234C1BCA1CCB0026C4F9 /* Debug */ = {
			isa = XCBuildConfiguration;
			buildSettings = {
				ASSETCATALOG_COMPILER_APPICON_NAME = AppIcon;
				INFOPLIST_FILE = ForceZoom/Info.plist;
				LD_RUNPATH_SEARCH_PATHS = "$(inherited) @executable_path/Frameworks";
				PRODUCT_BUNDLE_IDENTIFIER = uk.co.flexmonkey.ForceZoom;
				PRODUCT_NAME = "$(TARGET_NAME)";
			};
			name = Debug;
		};
		0593234D1BCA1CCB0026C4F9 /* Release */ = {
			isa = XCBuildConfiguration;
			buildSettings = {
				ASSETCATALOG_COMPILER_APPICON_NAME = AppIcon;
				INFOPLIST_FILE = ForceZoom/Info.plist;
				LD_RUNPATH_SEARCH_PATHS = "$(inherited) @executable_path/Frameworks";
				PRODUCT_BUNDLE_IDENTIFIER = uk.co.flexmonkey.ForceZoom;
				PRODUCT_NAME = "$(TARGET_NAME)";
			};
			name = Release;
		};
/* End XCBuildConfiguration section */

/* Begin XCConfigurationList section */
		059323341BCA1CCA0026C4F9 /* Build configuration list for PBXProject "ForceZoom" */ = {
			isa = XCConfigurationList;
			buildConfigurations = (
				059323491BCA1CCB0026C4F9 /* Debug */,
				0593234A1BCA1CCB0026C4F9 /* Release */,
			);
			defaultConfigurationIsVisible = 0;
			defaultConfigurationName = Release;
		};
		0593234B1BCA1CCB0026C4F9 /* Build configuration list for PBXNativeTarget "ForceZoom" */ = {
			isa = XCConfigurationList;
			buildConfigurations = (
				0593234C1BCA1CCB0026C4F9 /* Debug */,
				0593234D1BCA1CCB0026C4F9 /* Release */,
			);
			defaultConfigurationIsVisible = 0;
		};
/* End XCConfigurationList section */
	};
	rootObject = 059323311BCA1CCA0026C4F9 /* Project object */;
}
